github.com/alist-org/alist/v3 v3.34.0 h1:f3OJXOnkitAhmEm4dIjN9P6JaqcaausLfd6VGm8b4MI=
github.com/alist-org/alist/v3 v3.34.0/go.mod h1:xkvxT/2K2WudsUhd9E5I7d2hi2DZ08q3QDhrCFyqGyE=
github.com/alist-org/alist/v3 v3.35.0 h1:dt1zJ7INo5s0rsytDj3bxku+s2eEAh4IFnTuyiFec3Q=
github.com/alist-org/alist/v3 v3.35.0/go.mod h1:cOrMPZ7zpICJC/RSZl5TEUxOCuYj/10pSKUzxPGSx3k=
github.com/google/uuid v1.6.0 h1:NIvaJDMOsjHA8n1jAhLSgzrAzy1Hgr+hNrb57e+94F0=
github.com/google/uuid v1.6.0/go.mod h1:TIyPZe4MgqvfeYDBFedMoGGpEw/LqOeaOT+nhxU+yHo=
